
Microsoft Visual Studio Solution File, Format Version 12.00
# Visual Studio Version 17
VisualStudioVersion = 17.10.35013.160
MinimumVisualStudioVersion = 10.0.40219.1
Project("{FAE04EC0-301F-11D3-BF4B-00C04F79EFBC}") = "ContactAppFinal", "ContactAppFinal\ContactAppFinal.csproj", "{8D6D5F9F-BFAA-4FBB-9186-21553AD0174F}"
EndProject
Global
	GlobalSection(SolutionConfigurationPlatforms) = preSolution
		Debug|Any CPU = Debug|Any CPU
		Release|Any CPU = Release|Any CPU
	EndGlobalSection
	GlobalSection(ProjectConfigurationPlatforms) = postSolution
		{8D6D5F9F-BFAA-4FBB-9186-21553AD0174F}.Debug|Any CPU.ActiveCfg = Debug|Any CPU
		{8D6D5F9F-BFAA-4FBB-9186-21553AD0174F}.Debug|Any CPU.Build.0 = Debug|Any CPU
		{8D6D5F9F-BFAA-4FBB-9186-21553AD0174F}.Release|Any CPU.ActiveCfg = Release|Any CPU
		{8D6D5F9F-BFAA-4FBB-9186-21553AD0174F}.Release|Any CPU.Build.0 = Release|Any CPU
	EndGlobalSection
	GlobalSection(SolutionProperties) = preSolution
		HideSolutionNode = FALSE
	EndGlobalSection
	GlobalSection(ExtensibilityGlobals) = postSolution
		SolutionGuid = {8EAC0709-E875-4AB0-B811-1735EE36058A}
	EndGlobalSection
EndGlobal
